# This file is automatically @generated by Cargo.
# It is not intended for manual editing.
version = 4

[[package]]
name = "amqp"
version = "0.0.0"
dependencies = [
 "consistency",
 "ids",
 "primitives",
 "runctx",
 "secure",
 "support",
 "vocab",
]

[[package]]
name = "audit"
version = "0.0.0"
dependencies = [
 "authn",
 "bootstrap",
 "consistency",
 "deviceloop",
 "distributed",
 "eventexec",
 "generated",
 "httpserve",
 "ids",
 "observ",
 "primitives",
 "runctx",
 "secure",
 "support",
 "vocab",
]

[[package]]
name = "authn"
version = "0.0.0"
dependencies = [
 "consistency",
 "ids",
 "primitives",
 "runctx",
 "secure",
 "support",
 "vocab",
]

[[package]]
name = "bootstrap"
version = "0.0.0"
dependencies = [
 "authn",
 "consistency",
 "deviceloop",
 "distributed",
 "eventexec",
 "httpserve",
 "ids",
 "observ",
 "primitives",
 "runctx",
 "secure",
 "support",
 "vocab",
]

[[package]]
name = "consistency"
version = "0.0.0"
dependencies = [
 "ids",
 "runctx",
 "secure",
 "support",
 "vocab",
]

[[package]]
name = "contractreg"
version = "0.0.0"
dependencies = [
 "authn",
 "bootstrap",
 "consistency",
 "deviceloop",
 "distributed",
 "eventexec",
 "generated",
 "httpserve",
 "ids",
 "observ",
 "primitives",
 "runctx",
 "secure",
 "support",
 "vocab",
]

[[package]]
name = "deviceloop"
version = "0.0.0"
dependencies = [
 "consistency",
 "ids",
 "primitives",
 "runctx",
 "secure",
 "support",
 "vocab",
]

[[package]]
name = "distributed"
version = "0.0.0"
dependencies = [
 "consistency",
 "ids",
 "primitives",
 "runctx",
 "secure",
 "support",
 "vocab",
]

[[package]]
name = "eventexec"
version = "0.0.0"
dependencies = [
 "consistency",
 "ids",
 "primitives",
 "runctx",
 "secure",
 "support",
 "vocab",
]

[[package]]
name = "generated"
version = "0.0.0"

[[package]]
name = "grpc"
version = "0.0.0"
dependencies = [
 "consistency",
 "ids",
 "primitives",
 "runctx",
 "secure",
 "support",
 "vocab",
]

[[package]]
name = "httpserve"
version = "0.0.0"
dependencies = [
 "consistency",
 "ids",
 "primitives",
 "runctx",
 "secure",
 "support",
 "vocab",
]

[[package]]
name = "identity"
version = "0.0.0"
dependencies = [
 "authn",
 "bootstrap",
 "consistency",
 "deviceloop",
 "distributed",
 "eventexec",
 "generated",
 "httpserve",
 "ids",
 "observ",
 "primitives",
 "runctx",
 "secure",
 "support",
 "vocab",
]

[[package]]
name = "ids"
version = "0.0.0"

[[package]]
name = "mqtt"
version = "0.0.0"
dependencies = [
 "consistency",
 "ids",
 "primitives",
 "runctx",
 "secure",
 "support",
 "vocab",
]

[[package]]
name = "observ"
version = "0.0.0"
dependencies = [
 "consistency",
 "ids",
 "primitives",
 "runctx",
 "secure",
 "support",
 "vocab",
]

[[package]]
name = "oidc"
version = "0.0.0"
dependencies = [
 "consistency",
 "ids",
 "primitives",
 "runctx",
 "secure",
 "support",
 "vocab",
]

[[package]]
name = "otel"
version = "0.0.0"
dependencies = [
 "consistency",
 "ids",
 "primitives",
 "runctx",
 "secure",
 "support",
 "vocab",
]

[[package]]
name = "postgres"
version = "0.0.0"
dependencies = [
 "consistency",
 "ids",
 "primitives",
 "runctx",
 "secure",
 "support",
 "vocab",
]

[[package]]
name = "primitives"
version = "0.0.0"
dependencies = [
 "ids",
 "runctx",
 "secure",
 "support",
 "vocab",
]

[[package]]
name = "prometheus"
version = "0.0.0"
dependencies = [
 "consistency",
 "ids",
 "primitives",
 "runctx",
 "secure",
 "support",
 "vocab",
]

[[package]]
name = "ratelimit"
version = "0.0.0"
dependencies = [
 "consistency",
 "ids",
 "primitives",
 "runctx",
 "secure",
 "support",
 "vocab",
]

[[package]]
name = "redis"
version = "0.0.0"
dependencies = [
 "consistency",
 "ids",
 "primitives",
 "runctx",
 "secure",
 "support",
 "vocab",
]

[[package]]
name = "rss"
version = "0.0.0"

[[package]]
name = "runctx"
version = "0.0.0"

[[package]]
name = "s3"
version = "0.0.0"
dependencies = [
 "consistency",
 "ids",
 "primitives",
 "runctx",
 "secure",
 "support",
 "vocab",
]

[[package]]
name = "secure"
version = "0.0.0"

[[package]]
name = "server"
version = "0.0.0"

[[package]]
name = "settings"
version = "0.0.0"
dependencies = [
 "authn",
 "bootstrap",
 "consistency",
 "deviceloop",
 "distributed",
 "eventexec",
 "generated",
 "httpserve",
 "ids",
 "observ",
 "primitives",
 "runctx",
 "secure",
 "support",
 "vocab",
]

[[package]]
name = "softca"
version = "0.0.0"
dependencies = [
 "consistency",
 "ids",
 "primitives",
 "runctx",
 "secure",
 "support",
 "vocab",
]

[[package]]
name = "support"
version = "0.0.0"

[[package]]
name = "syshealth"
version = "0.0.0"
dependencies = [
 "authn",
 "bootstrap",
 "consistency",
 "deviceloop",
 "distributed",
 "eventexec",
 "generated",
 "httpserve",
 "ids",
 "observ",
 "primitives",
 "runctx",
 "secure",
 "support",
 "vocab",
]

[[package]]
name = "vault"
version = "0.0.0"
dependencies = [
 "consistency",
 "ids",
 "primitives",
 "runctx",
 "secure",
 "support",
 "vocab",
]

[[package]]
name = "vocab"
version = "0.0.0"

[[package]]
name = "xtask"
version = "0.0.0"
